<?xml version="1.0" encoding="UTF-8"?>
<!DOCTYPE plist PUBLIC "-//Apple//DTD PLIST 1.0//EN" "http://www.apple.com/DTDs/PropertyList-1.0.dtd">
<plist version="1.0">
<dict>
	<key>archiveVersion</key>
	<string>1</string>
	<key>classes</key>
	<dict/>
	<key>objectVersion</key>
	<string>46</string>
	<key>objects</key>
	<dict>
		<key>3D4D196EAB1548528CA00265</key>
		<dict>
			<key>fileRef</key>
			<string>F6376896C9CD4AE2A434784E</string>
			<key>isa</key>
			<string>PBXBuildFile</string>
		</dict>
		<key>8989D58C91584257A5F9AE72</key>
		<dict>
			<key>buildActionMask</key>
			<string>2147483647</string>
			<key>files</key>
			<array/>
			<key>inputPaths</key>
			<array/>
			<key>isa</key>
			<string>PBXShellScriptBuildPhase</string>
			<key>name</key>
			<string>Copy Pods Resources</string>
			<key>outputPaths</key>
			<array/>
			<key>runOnlyForDeploymentPostprocessing</key>
			<string>0</string>
			<key>shellPath</key>
			<string>/bin/sh</string>
			<key>shellScript</key>
			<string>"${SRCROOT}/Pods/Pods-resources.sh"
</string>
		</dict>
		<key>C02AC70241664ED59A2C8A23</key>
		<dict>
			<key>includeInIndex</key>
			<string>1</string>
			<key>isa</key>
			<string>PBXFileReference</string>
			<key>lastKnownFileType</key>
			<string>text.xcconfig</string>
			<key>name</key>
			<string>Pods.xcconfig</string>
			<key>path</key>
			<string>Pods/Pods.xcconfig</string>
			<key>sourceTree</key>
			<string>SOURCE_ROOT</string>
		</dict>
		<key>C5133BFB15BD8E060026E5ED</key>
		<dict>
			<key>fileEncoding</key>
			<string>4</string>
			<key>isa</key>
			<string>PBXFileReference</string>
			<key>lastKnownFileType</key>
			<string>sourcecode.c.h</string>
			<key>path</key>
			<string>SECrackRockCommon.h</string>
			<key>sourceTree</key>
			<string>&lt;group&gt;</string>
		</dict>
		<key>C5133BFC15BD8E060026E5ED</key>
		<dict>
			<key>fileRef</key>
			<string>C5133BFB15BD8E060026E5ED</string>
			<key>isa</key>
			<string>PBXBuildFile</string>
			<key>settings</key>
			<dict>
				<key>ATTRIBUTES</key>
				<array>
					<string>Public</string>
				</array>
			</dict>
		</dict>
		<key>C5133BFD15BD9C710026E5ED</key>
		<dict>
			<key>includeInIndex</key>
			<string>1</string>
			<key>isa</key>
			<string>PBXFileReference</string>
			<key>lastKnownFileType</key>
			<string>wrapper.framework</string>
			<key>name</key>
			<string>StoreKit.framework</string>
			<key>path</key>
			<string>System/Library/Frameworks/StoreKit.framework</string>
			<key>sourceTree</key>
			<string>SDKROOT</string>
		</dict>
		<key>C5133BFE15BD9C710026E5ED</key>
		<dict>
			<key>fileRef</key>
			<string>C5133BFD15BD9C710026E5ED</string>
			<key>isa</key>
			<string>PBXBuildFile</string>
		</dict>
		<key>C5133C3A15BDC7550026E5ED</key>
		<dict>
			<key>fileRef</key>
			<string>C56D0D9115BC866400358BA6</string>
			<key>isa</key>
			<string>PBXBuildFile</string>
		</dict>
		<key>C5133C3B15BDD19A0026E5ED</key>
		<dict>
			<key>fileRef</key>
			<string>C5133BFD15BD9C710026E5ED</string>
			<key>isa</key>
			<string>PBXBuildFile</string>
		</dict>
		<key>C5133C3D15BDD1C20026E5ED</key>
		<dict>
			<key>isa</key>
			<string>PBXFileReference</string>
			<key>lastKnownFileType</key>
			<string>wrapper.framework</string>
			<key>name</key>
			<string>UIKit.framework</string>
			<key>path</key>
			<string>System/Library/Frameworks/UIKit.framework</string>
			<key>sourceTree</key>
			<string>SDKROOT</string>
		</dict>
		<key>C5133C3E15BDD1C20026E5ED</key>
		<dict>
			<key>fileRef</key>
			<string>C5133C3D15BDD1C20026E5ED</string>
			<key>isa</key>
			<string>PBXBuildFile</string>
		</dict>
		<key>C5133C3F15BDD2750026E5ED</key>
		<dict>
			<key>isa</key>
			<string>PBXFileReference</string>
			<key>lastKnownFileType</key>
			<string>wrapper.framework</string>
			<key>name</key>
			<string>CoreGraphics.framework</string>
			<key>path</key>
			<string>System/Library/Frameworks/CoreGraphics.framework</string>
			<key>sourceTree</key>
			<string>SDKROOT</string>
		</dict>
		<key>C5133C4015BDD2750026E5ED</key>
		<dict>
			<key>fileRef</key>
			<string>C5133C3F15BDD2750026E5ED</string>
			<key>isa</key>
			<string>PBXBuildFile</string>
		</dict>
		<key>C5133C4115BDD2D30026E5ED</key>
		<dict>
			<key>isa</key>
			<string>PBXFileReference</string>
			<key>lastKnownFileType</key>
			<string>wrapper.framework</string>
			<key>name</key>
			<string>QuartzCore.framework</string>
			<key>path</key>
			<string>System/Library/Frameworks/QuartzCore.framework</string>
			<key>sourceTree</key>
			<string>SDKROOT</string>
		</dict>
		<key>C5133C4215BDD2D30026E5ED</key>
		<dict>
			<key>fileRef</key>
			<string>C5133C4115BDD2D30026E5ED</string>
			<key>isa</key>
			<string>PBXBuildFile</string>
		</dict>
		<key>C56D0D3915BC7D8900358BA6</key>
		<dict>
			<key>children</key>
			<array>
				<string>C56D0D4915BC7D8900358BA6</string>
				<string>C56D0D5D15BC7D8900358BA6</string>
				<string>C56D0D4615BC7D8900358BA6</string>
				<string>C56D0D4515BC7D8900358BA6</string>
				<string>C02AC70241664ED59A2C8A23</string>
			</array>
			<key>isa</key>
			<string>PBXGroup</string>
			<key>sourceTree</key>
			<string>&lt;group&gt;</string>
		</dict>
		<key>C56D0D3B15BC7D8900358BA6</key>
		<dict>
			<key>attributes</key>
			<dict>
				<key>LastUpgradeCheck</key>
				<string>0430</string>
				<key>ORGANIZATIONNAME</key>
				<string>illumntr</string>
			</dict>
			<key>buildConfigurationList</key>
			<string>C56D0D3E15BC7D8900358BA6</string>
			<key>compatibilityVersion</key>
			<string>Xcode 3.2</string>
			<key>developmentRegion</key>
			<string>English</string>
			<key>hasScannedForEncodings</key>
			<string>0</string>
			<key>isa</key>
			<string>PBXProject</string>
			<key>knownRegions</key>
			<array>
				<string>en</string>
			</array>
			<key>mainGroup</key>
			<string>C56D0D3915BC7D8900358BA6</string>
			<key>productRefGroup</key>
			<string>C56D0D4515BC7D8900358BA6</string>
			<key>projectDirPath</key>
			<string></string>
			<key>projectRoot</key>
			<string></string>
			<key>targets</key>
			<array>
				<string>C56D0D4315BC7D8900358BA6</string>
				<string>C56D0D5315BC7D8900358BA6</string>
			</array>
		</dict>
		<key>C56D0D3E15BC7D8900358BA6</key>
		<dict>
			<key>buildConfigurations</key>
			<array>
				<string>C56D0D6615BC7D8900358BA6</string>
				<string>C56D0D6715BC7D8900358BA6</string>
			</array>
			<key>defaultConfigurationIsVisible</key>
			<string>0</string>
			<key>defaultConfigurationName</key>
			<string>Release</string>
			<key>isa</key>
			<string>XCConfigurationList</string>
		</dict>
		<key>C56D0D4015BC7D8900358BA6</key>
		<dict>
			<key>buildActionMask</key>
			<string>2147483647</string>
			<key>files</key>
			<array>
				<string>C56D0D7715BC85F500358BA6</string>
				<string>C56D0D7915BC85F500358BA6</string>
				<string>C56D0D7B15BC85F500358BA6</string>
				<string>C56D0D7D15BC85F500358BA6</string>
			</array>
			<key>isa</key>
			<string>PBXSourcesBuildPhase</string>
			<key>runOnlyForDeploymentPostprocessing</key>
			<string>0</string>
		</dict>
		<key>C56D0D4115BC7D8900358BA6</key>
		<dict>
			<key>buildActionMask</key>
			<string>2147483647</string>
			<key>files</key>
			<array>
				<string>C5133BFE15BD9C710026E5ED</string>
				<string>C56D0D4815BC7D8900358BA6</string>
				<string>3D4D196EAB1548528CA00265</string>
			</array>
			<key>isa</key>
			<string>PBXFrameworksBuildPhase</string>
			<key>runOnlyForDeploymentPostprocessing</key>
			<string>0</string>
		</dict>
		<key>C56D0D4215BC7D8900358BA6</key>
		<dict>
			<key>buildActionMask</key>
			<string>2147483647</string>
			<key>files</key>
			<array>
				<string>C56D0D7615BC85F400358BA6</string>
				<string>C56D0D7815BC85F500358BA6</string>
				<string>C56D0D7A15BC85F500358BA6</string>
				<string>C5133BFC15BD8E060026E5ED</string>
				<string>C56D0D7C15BC85F500358BA6</string>
			</array>
			<key>isa</key>
			<string>PBXHeadersBuildPhase</string>
			<key>runOnlyForDeploymentPostprocessing</key>
			<string>0</string>
		</dict>
		<key>C56D0D4315BC7D8900358BA6</key>
		<dict>
			<key>buildConfigurationList</key>
			<string>C56D0D6815BC7D8900358BA6</string>
			<key>buildPhases</key>
			<array>
				<string>C56D0D4015BC7D8900358BA6</string>
				<string>C56D0D4115BC7D8900358BA6</string>
				<string>C56D0D4215BC7D8900358BA6</string>
				<string>8989D58C91584257A5F9AE72</string>
			</array>
			<key>buildRules</key>
			<array/>
			<key>dependencies</key>
			<array/>
			<key>isa</key>
			<string>PBXNativeTarget</string>
			<key>name</key>
			<string>iOS-CrackRock</string>
			<key>productName</key>
			<string>iOS-CrackRock</string>
			<key>productReference</key>
			<string>C56D0D4415BC7D8900358BA6</string>
			<key>productType</key>
			<string>com.apple.product-type.library.static</string>
		</dict>
		<key>C56D0D4415BC7D8900358BA6</key>
		<dict>
			<key>explicitFileType</key>
			<string>archive.ar</string>
			<key>includeInIndex</key>
			<string>0</string>
			<key>isa</key>
			<string>PBXFileReference</string>
			<key>name</key>
			<string>libiOS-CrackRock.a</string>
			<key>path</key>
			<string>libiOS-CrackRock.a</string>
			<key>sourceTree</key>
			<string>BUILT_PRODUCTS_DIR</string>
		</dict>
		<key>C56D0D4515BC7D8900358BA6</key>
		<dict>
			<key>children</key>
			<array>
				<string>C56D0D4415BC7D8900358BA6</string>
				<string>C56D0D5415BC7D8900358BA6</string>
			</array>
			<key>isa</key>
			<string>PBXGroup</string>
			<key>name</key>
			<string>Products</string>
			<key>sourceTree</key>
			<string>&lt;group&gt;</string>
		</dict>
		<key>C56D0D4615BC7D8900358BA6</key>
		<dict>
			<key>children</key>
			<array>
				<string>C5133C4115BDD2D30026E5ED</string>
				<string>C5133C3F15BDD2750026E5ED</string>
				<string>C5133C3D15BDD1C20026E5ED</string>
				<string>C5133BFD15BD9C710026E5ED</string>
				<string>C56D0D4715BC7D8900358BA6</string>
				<string>C56D0D5515BC7D8900358BA6</string>
				<string>C591517F15BCDBA10062C02E</string>
				<string>F6376896C9CD4AE2A434784E</string>
			</array>
			<key>isa</key>
			<string>PBXGroup</string>
			<key>name</key>
			<string>Frameworks</string>
			<key>sourceTree</key>
			<string>&lt;group&gt;</string>
		</dict>
		<key>C56D0D4715BC7D8900358BA6</key>
		<dict>
			<key>includeInIndex</key>
			<string>1</string>
			<key>isa</key>
			<string>PBXFileReference</string>
			<key>lastKnownFileType</key>
			<string>wrapper.framework</string>
			<key>name</key>
			<string>Foundation.framework</string>
			<key>path</key>
			<string>System/Library/Frameworks/Foundation.framework</string>
			<key>sourceTree</key>
			<string>SDKROOT</string>
		</dict>
		<key>C56D0D4815BC7D8900358BA6</key>
		<dict>
			<key>fileRef</key>
			<string>C56D0D4715BC7D8900358BA6</string>
			<key>isa</key>
			<string>PBXBuildFile</string>
		</dict>
		<key>C56D0D4915BC7D8900358BA6</key>
		<dict>
			<key>children</key>
			<array>
				<string>C5133BFB15BD8E060026E5ED</string>
				<string>C56D0D6E15BC85F400358BA6</string>
				<string>C56D0D6F15BC85F400358BA6</string>
				<string>C56D0D7015BC85F400358BA6</string>
				<string>C56D0D7115BC85F400358BA6</string>
				<string>C56D0D7215BC85F400358BA6</string>
				<string>C56D0D7315BC85F400358BA6</string>
				<string>C56D0D7415BC85F400358BA6</string>
				<string>C56D0D7515BC85F400358BA6</string>
				<string>C56D0D4A15BC7D8900358BA6</string>
			</array>
			<key>isa</key>
			<string>PBXGroup</string>
			<key>path</key>
			<string>iOS-CrackRock</string>
			<key>sourceTree</key>
			<string>&lt;group&gt;</string>
		</dict>
		<key>C56D0D4A15BC7D8900358BA6</key>
		<dict>
			<key>children</key>
			<array>
				<string>C56D0D4B15BC7D8900358BA6</string>
			</array>
			<key>isa</key>
			<string>PBXGroup</string>
			<key>name</key>
			<string>Supporting Files</string>
			<key>sourceTree</key>
			<string>&lt;group&gt;</string>
		</dict>
		<key>C56D0D4B15BC7D8900358BA6</key>
		<dict>
			<key>isa</key>
			<string>PBXFileReference</string>
			<key>lastKnownFileType</key>
			<string>sourcecode.c.h</string>
			<key>path</key>
			<string>iOS-CrackRock-Prefix.pch</string>
			<key>sourceTree</key>
			<string>&lt;group&gt;</string>
		</dict>
		<key>C56D0D4F15BC7D8900358BA6</key>
		<dict>
			<key>buildActionMask</key>
			<string>2147483647</string>
			<key>files</key>
			<array>
				<string>C5133C3A15BDC7550026E5ED</string>
			</array>
			<key>isa</key>
			<string>PBXSourcesBuildPhase</string>
			<key>runOnlyForDeploymentPostprocessing</key>
			<string>0</string>
		</dict>
		<key>C56D0D5015BC7D8900358BA6</key>
		<dict>
			<key>buildActionMask</key>
			<string>2147483647</string>
			<key>files</key>
			<array>
				<string>C5133C4215BDD2D30026E5ED</string>
				<string>C5133C4015BDD2750026E5ED</string>
				<string>C5133C3E15BDD1C20026E5ED</string>
				<string>C5133C3B15BDD19A0026E5ED</string>
				<string>C56D0D5915BC7D8900358BA6</string>
				<string>C56D0D5615BC7D8900358BA6</string>
				<string>C591518015BCDBA10062C02E</string>
				<string>C56D0D5C15BC7D8900358BA6</string>
			</array>
			<key>isa</key>
			<string>PBXFrameworksBuildPhase</string>
			<key>runOnlyForDeploymentPostprocessing</key>
			<string>0</string>
		</dict>
		<key>C56D0D5115BC7D8900358BA6</key>
		<dict>
			<key>buildActionMask</key>
			<string>2147483647</string>
			<key>files</key>
			<array>
				<string>C56D0D6215BC7D8900358BA6</string>
			</array>
			<key>isa</key>
			<string>PBXResourcesBuildPhase</string>
			<key>runOnlyForDeploymentPostprocessing</key>
			<string>0</string>
		</dict>
		<key>C56D0D5215BC7D8900358BA6</key>
		<dict>
			<key>buildActionMask</key>
			<string>2147483647</string>
			<key>files</key>
			<array/>
			<key>inputPaths</key>
			<array/>
			<key>isa</key>
			<string>PBXShellScriptBuildPhase</string>
			<key>outputPaths</key>
			<array/>
			<key>runOnlyForDeploymentPostprocessing</key>
			<string>0</string>
			<key>shellPath</key>
			<string>/bin/sh</string>
			<key>shellScript</key>
			<string># Run the unit tests in this test bundle.
"${SYSTEM_DEVELOPER_DIR}/Tools/RunUnitTests"
</string>
		</dict>
		<key>C56D0D5315BC7D8900358BA6</key>
		<dict>
			<key>buildConfigurationList</key>
			<string>C56D0D6B15BC7D8900358BA6</string>
			<key>buildPhases</key>
			<array>
				<string>C56D0D4F15BC7D8900358BA6</string>
				<string>C56D0D5015BC7D8900358BA6</string>
				<string>C56D0D5115BC7D8900358BA6</string>
				<string>C56D0D5215BC7D8900358BA6</string>
			</array>
			<key>buildRules</key>
			<array/>
			<key>dependencies</key>
			<array>
				<string>C56D0D5B15BC7D8900358BA6</string>
			</array>
			<key>isa</key>
			<string>PBXNativeTarget</string>
			<key>name</key>
			<string>iOS-CrackRockTests</string>
			<key>productName</key>
			<string>iOS-CrackRockTests</string>
			<key>productReference</key>
			<string>C56D0D5415BC7D8900358BA6</string>
			<key>productType</key>
			<string>com.apple.product-type.bundle</string>
		</dict>
		<key>C56D0D5415BC7D8900358BA6</key>
		<dict>
			<key>explicitFileType</key>
			<string>wrapper.cfbundle</string>
			<key>includeInIndex</key>
			<string>0</string>
			<key>isa</key>
			<string>PBXFileReference</string>
			<key>name</key>
			<string>iOS-CrackRockTests.octest</string>
			<key>path</key>
			<string>iOS-CrackRockTests.octest</string>
			<key>sourceTree</key>
			<string>BUILT_PRODUCTS_DIR</string>
		</dict>
		<key>C56D0D5515BC7D8900358BA6</key>
		<dict>
			<key>isa</key>
			<string>PBXFileReference</string>
			<key>lastKnownFileType</key>
			<string>wrapper.framework</string>
			<key>name</key>
			<string>SenTestingKit.framework</string>
			<key>path</key>
			<string>Library/Frameworks/SenTestingKit.framework</string>
			<key>sourceTree</key>
			<string>DEVELOPER_DIR</string>
		</dict>
		<key>C56D0D5615BC7D8900358BA6</key>
		<dict>
			<key>fileRef</key>
			<string>C56D0D5515BC7D8900358BA6</string>
			<key>isa</key>
			<string>PBXBuildFile</string>
		</dict>
		<key>C56D0D5915BC7D8900358BA6</key>
		<dict>
			<key>fileRef</key>
			<string>C56D0D4715BC7D8900358BA6</string>
			<key>isa</key>
			<string>PBXBuildFile</string>
		</dict>
		<key>C56D0D5A15BC7D8900358BA6</key>
		<dict>
			<key>containerPortal</key>
			<string>C56D0D3B15BC7D8900358BA6</string>
			<key>isa</key>
			<string>PBXContainerItemProxy</string>
			<key>proxyType</key>
			<string>1</string>
			<key>remoteGlobalIDString</key>
			<string>C56D0D4315BC7D8900358BA6</string>
			<key>remoteInfo</key>
			<string>iOS-CrackRock</string>
		</dict>
		<key>C56D0D5B15BC7D8900358BA6</key>
		<dict>
			<key>isa</key>
			<string>PBXTargetDependency</string>
			<key>target</key>
			<string>C56D0D4315BC7D8900358BA6</string>
			<key>targetProxy</key>
			<string>C56D0D5A15BC7D8900358BA6</string>
		</dict>
		<key>C56D0D5C15BC7D8900358BA6</key>
		<dict>
			<key>fileRef</key>
			<string>C56D0D4415BC7D8900358BA6</string>
			<key>isa</key>
			<string>PBXBuildFile</string>
		</dict>
		<key>C56D0D5D15BC7D8900358BA6</key>
		<dict>
			<key>children</key>
			<array>
				<string>C56D0D5E15BC7D8900358BA6</string>
				<string>C56D0D9115BC866400358BA6</string>
			</array>
			<key>isa</key>
			<string>PBXGroup</string>
			<key>path</key>
			<string>iOS-CrackRockTests</string>
			<key>sourceTree</key>
			<string>&lt;group&gt;</string>
		</dict>
		<key>C56D0D5E15BC7D8900358BA6</key>
		<dict>
			<key>children</key>
			<array>
				<string>C56D0D5F15BC7D8900358BA6</string>
				<string>C56D0D6015BC7D8900358BA6</string>
			</array>
			<key>isa</key>
			<string>PBXGroup</string>
			<key>name</key>
			<string>Supporting Files</string>
			<key>sourceTree</key>
			<string>&lt;group&gt;</string>
		</dict>
		<key>C56D0D5F15BC7D8900358BA6</key>
		<dict>
			<key>isa</key>
			<string>PBXFileReference</string>
			<key>lastKnownFileType</key>
			<string>text.plist.xml</string>
			<key>path</key>
			<string>iOS-CrackRockTests-Info.plist</string>
			<key>sourceTree</key>
			<string>&lt;group&gt;</string>
		</dict>
		<key>C56D0D6015BC7D8900358BA6</key>
		<dict>
			<key>children</key>
			<array>
				<string>C56D0D6115BC7D8900358BA6</string>
			</array>
			<key>isa</key>
			<string>PBXVariantGroup</string>
			<key>name</key>
			<string>InfoPlist.strings</string>
			<key>sourceTree</key>
			<string>&lt;group&gt;</string>
		</dict>
		<key>C56D0D6115BC7D8900358BA6</key>
		<dict>
			<key>isa</key>
			<string>PBXFileReference</string>
			<key>lastKnownFileType</key>
			<string>text.plist.strings</string>
			<key>name</key>
			<string>en</string>
			<key>path</key>
			<string>en.lproj/InfoPlist.strings</string>
			<key>sourceTree</key>
			<string>&lt;group&gt;</string>
		</dict>
		<key>C56D0D6215BC7D8900358BA6</key>
		<dict>
			<key>fileRef</key>
			<string>C56D0D6015BC7D8900358BA6</string>
			<key>isa</key>
			<string>PBXBuildFile</string>
		</dict>
		<key>C56D0D6615BC7D8900358BA6</key>
		<dict>
			<key>buildSettings</key>
			<dict>
				<key>ALWAYS_SEARCH_USER_PATHS</key>
				<string>NO</string>
				<key>ARCHS</key>
				<string>$(ARCHS_STANDARD_32_BIT)</string>
				<key>CLANG_ENABLE_OBJC_ARC</key>
				<string>YES</string>
				<key>COPY_PHASE_STRIP</key>
				<string>NO</string>
				<key>GCC_C_LANGUAGE_STANDARD</key>
				<string>gnu99</string>
				<key>GCC_DYNAMIC_NO_PIC</key>
				<string>NO</string>
				<key>GCC_OPTIMIZATION_LEVEL</key>
				<string>0</string>
				<key>GCC_PREPROCESSOR_DEFINITIONS</key>
				<array>
					<string>DEBUG=1</string>
					<string>$(inherited)</string>
				</array>
				<key>GCC_SYMBOLS_PRIVATE_EXTERN</key>
				<string>NO</string>
				<key>GCC_VERSION</key>
				<string></string>
				<key>GCC_WARN_ABOUT_RETURN_TYPE</key>
				<string>YES</string>
				<key>GCC_WARN_UNINITIALIZED_AUTOS</key>
				<string>YES</string>
				<key>GCC_WARN_UNUSED_VARIABLE</key>
				<string>YES</string>
				<key>HEADER_SEARCH_PATHS</key>
				<array>
					<string>"$(OBJROOT)/UninstalledProducts/include"</string>
					<string>"$(TARGET_BUILD_DIR)/usr/local/lib/include"</string>
				</array>
				<key>IPHONEOS_DEPLOYMENT_TARGET</key>
				<string>4.3</string>
				<key>OTHER_LDFLAGS</key>
				<array>
					<string>-all_load</string>
					<string>-ObjC</string>
				</array>
				<key>PUBLIC_HEADERS_FOLDER_PATH</key>
				<string>include/$(TARGET_NAME)</string>
				<key>SDKROOT</key>
				<string>iphoneos</string>
				<key>TARGETED_DEVICE_FAMILY</key>
				<string>1,2</string>
			</dict>
			<key>isa</key>
			<string>XCBuildConfiguration</string>
			<key>name</key>
			<string>Debug</string>
		</dict>
		<key>C56D0D6715BC7D8900358BA6</key>
		<dict>
			<key>buildSettings</key>
			<dict>
				<key>ALWAYS_SEARCH_USER_PATHS</key>
				<string>NO</string>
				<key>ARCHS</key>
				<string>$(ARCHS_STANDARD_32_BIT)</string>
				<key>CLANG_ENABLE_OBJC_ARC</key>
				<string>YES</string>
				<key>COPY_PHASE_STRIP</key>
				<string>YES</string>
				<key>GCC_C_LANGUAGE_STANDARD</key>
				<string>gnu99</string>
				<key>GCC_VERSION</key>
				<string></string>
				<key>GCC_WARN_ABOUT_RETURN_TYPE</key>
				<string>YES</string>
				<key>GCC_WARN_UNINITIALIZED_AUTOS</key>
				<string>YES</string>
				<key>GCC_WARN_UNUSED_VARIABLE</key>
				<string>YES</string>
				<key>HEADER_SEARCH_PATHS</key>
				<array>
					<string>"$(OBJROOT)/UninstalledProducts/include"</string>
					<string>"$(TARGET_BUILD_DIR)/usr/local/lib/include"</string>
				</array>
				<key>IPHONEOS_DEPLOYMENT_TARGET</key>
				<string>4.3</string>
				<key>OTHER_LDFLAGS</key>
				<array>
					<string>-all_load</string>
					<string>-ObjC</string>
				</array>
				<key>PUBLIC_HEADERS_FOLDER_PATH</key>
				<string>include/$(TARGET_NAME)</string>
				<key>SDKROOT</key>
				<string>iphoneos</string>
				<key>TARGETED_DEVICE_FAMILY</key>
				<string>1,2</string>
				<key>VALIDATE_PRODUCT</key>
				<string>YES</string>
			</dict>
			<key>isa</key>
			<string>XCBuildConfiguration</string>
			<key>name</key>
			<string>Release</string>
		</dict>
		<key>C56D0D6815BC7D8900358BA6</key>
		<dict>
			<key>buildConfigurations</key>
			<array>
				<string>C56D0D6915BC7D8900358BA6</string>
				<string>C56D0D6A15BC7D8900358BA6</string>
			</array>
			<key>defaultConfigurationIsVisible</key>
			<string>0</string>
			<key>defaultConfigurationName</key>
			<string>Release</string>
			<key>isa</key>
			<string>XCConfigurationList</string>
		</dict>
		<key>C56D0D6915BC7D8900358BA6</key>
		<dict>
			<key>baseConfigurationReference</key>
			<string>C02AC70241664ED59A2C8A23</string>
			<key>buildSettings</key>
			<dict>
				<key>DSTROOT</key>
				<string>/tmp/iOS_CrackRock.dst</string>
				<key>GCC_PRECOMPILE_PREFIX_HEADER</key>
				<string>YES</string>
				<key>GCC_PREFIX_HEADER</key>
				<string>iOS-CrackRock/iOS-CrackRock-Prefix.pch</string>
				<key>LIBRARY_SEARCH_PATHS</key>
				<array>
					<string>$(inherited)</string>
					<string>"$(SRCROOT)/Vendor/iOS-StatefulNotifications/Build/Products/Debug-iphonesimulator"</string>
					<string>"$(SRCROOT)/Vendor/iOS-StatefulNotifications/Vendor/Kiwi/build/Debug-iphoneos"</string>
					<string>"$(SRCROOT)/Vendor/iOS-StatefulNotifications/Vendor/Kiwi/build/Debug-iphonesimulator"</string>
					<string>"$(SRCROOT)/Vendor/Kiwi/build/Debug-iphoneos"</string>
					<string>"$(SRCROOT)/Vendor/Kiwi/build/Debug-iphonesimulator"</string>
				</array>
				<key>PRODUCT_NAME</key>
				<string>$(TARGET_NAME)</string>
				<key>SKIP_INSTALL</key>
				<string>YES</string>
			</dict>
			<key>isa</key>
			<string>XCBuildConfiguration</string>
			<key>name</key>
			<string>Debug</string>
		</dict>
		<key>C56D0D6A15BC7D8900358BA6</key>
		<dict>
			<key>baseConfigurationReference</key>
			<string>C02AC70241664ED59A2C8A23</string>
			<key>buildSettings</key>
			<dict>
				<key>DSTROOT</key>
				<string>/tmp/iOS_CrackRock.dst</string>
				<key>GCC_PRECOMPILE_PREFIX_HEADER</key>
				<string>YES</string>
				<key>GCC_PREFIX_HEADER</key>
				<string>iOS-CrackRock/iOS-CrackRock-Prefix.pch</string>
				<key>LIBRARY_SEARCH_PATHS</key>
				<array>
					<string>$(inherited)</string>
					<string>"$(SRCROOT)/Vendor/iOS-StatefulNotifications/Build/Products/Debug-iphonesimulator"</string>
					<string>"$(SRCROOT)/Vendor/iOS-StatefulNotifications/Vendor/Kiwi/build/Debug-iphoneos"</string>
					<string>"$(SRCROOT)/Vendor/iOS-StatefulNotifications/Vendor/Kiwi/build/Debug-iphonesimulator"</string>
					<string>"$(SRCROOT)/Vendor/Kiwi/build/Debug-iphoneos"</string>
					<string>"$(SRCROOT)/Vendor/Kiwi/build/Debug-iphonesimulator"</string>
				</array>
				<key>PRODUCT_NAME</key>
				<string>$(TARGET_NAME)</string>
				<key>SKIP_INSTALL</key>
				<string>YES</string>
			</dict>
			<key>isa</key>
			<string>XCBuildConfiguration</string>
			<key>name</key>
			<string>Release</string>
		</dict>
		<key>C56D0D6B15BC7D8900358BA6</key>
		<dict>
			<key>buildConfigurations</key>
			<array>
				<string>C56D0D6C15BC7D8900358BA6</string>
				<string>C56D0D6D15BC7D8900358BA6</string>
			</array>
			<key>defaultConfigurationIsVisible</key>
			<string>0</string>
			<key>defaultConfigurationName</key>
			<string>Release</string>
			<key>isa</key>
			<string>XCConfigurationList</string>
		</dict>
		<key>C56D0D6C15BC7D8900358BA6</key>
		<dict>
			<key>buildSettings</key>
			<dict>
				<key>BUNDLE_LOADER</key>
				<string>$(BUILT_PRODUCTS_DIR)/libiOS-CrackRock.a</string>
				<key>FRAMEWORK_SEARCH_PATHS</key>
				<array>
					<string>$(SDKROOT)/Developer/Library/Frameworks</string>
					<string>$(DEVELOPER_LIBRARY_DIR)/Frameworks</string>
				</array>
				<key>GCC_PRECOMPILE_PREFIX_HEADER</key>
				<string>YES</string>
				<key>GCC_PREFIX_HEADER</key>
				<string>iOS-CrackRock/iOS-CrackRock-Prefix.pch</string>
				<key>HEADER_SEARCH_PATHS</key>
				<array>
					<string>"$(OBJROOT)/UninstalledProducts/include"</string>
					<string>"$(TARGET_BUILD_DIR)/usr/local/lib/include"</string>
					<string>Vendor/Kiwi/Kiwi</string>
				</array>
				<key>INFOPLIST_FILE</key>
				<string>iOS-CrackRockTests/iOS-CrackRockTests-Info.plist</string>
				<key>LIBRARY_SEARCH_PATHS</key>
				<array>
					<string>$(inherited)</string>
					<string>"$(SRCROOT)/Vendor/iOS-StatefulNotifications/Build/Products/Debug-iphonesimulator"</string>
					<string>"$(SRCROOT)/Vendor/iOS-StatefulNotifications/Vendor/Kiwi/build/Debug-iphoneos"</string>
					<string>"$(SRCROOT)/Vendor/iOS-StatefulNotifications/Vendor/Kiwi/build/Debug-iphonesimulator"</string>
					<string>"$(SRCROOT)/Vendor/Kiwi/build/Debug-iphoneos"</string>
					<string>"$(SRCROOT)/Vendor/Kiwi/build/Debug-iphonesimulator"</string>
				</array>
				<key>PRODUCT_NAME</key>
				<string>$(TARGET_NAME)</string>
				<key>TEST_HOST</key>
				<string>$(BUNDLE_LOADER)</string>
				<key>WRAPPER_EXTENSION</key>
				<string>octest</string>
			</dict>
			<key>isa</key>
			<string>XCBuildConfiguration</string>
			<key>name</key>
			<string>Debug</string>
		</dict>
		<key>C56D0D6D15BC7D8900358BA6</key>
		<dict>
			<key>buildSettings</key>
			<dict>
				<key>BUNDLE_LOADER</key>
				<string>$(BUILT_PRODUCTS_DIR)/libiOS-CrackRock.a</string>
				<key>FRAMEWORK_SEARCH_PATHS</key>
				<array>
					<string>$(SDKROOT)/Developer/Library/Frameworks</string>
					<string>$(DEVELOPER_LIBRARY_DIR)/Frameworks</string>
				</array>
				<key>GCC_PRECOMPILE_PREFIX_HEADER</key>
				<string>YES</string>
				<key>GCC_PREFIX_HEADER</key>
				<string>iOS-CrackRock/iOS-CrackRock-Prefix.pch</string>
				<key>HEADER_SEARCH_PATHS</key>
				<array>
					<string>"$(OBJROOT)/UninstalledProducts/include"</string>
					<string>"$(TARGET_BUILD_DIR)/usr/local/lib/include"</string>
					<string>Vendor/Kiwi/Kiwi</string>
				</array>
				<key>INFOPLIST_FILE</key>
				<string>iOS-CrackRockTests/iOS-CrackRockTests-Info.plist</string>
				<key>LIBRARY_SEARCH_PATHS</key>
				<array>
					<string>$(inherited)</string>
					<string>"$(SRCROOT)/Vendor/iOS-StatefulNotifications/Build/Products/Debug-iphonesimulator"</string>
					<string>"$(SRCROOT)/Vendor/iOS-StatefulNotifications/Vendor/Kiwi/build/Debug-iphoneos"</string>
					<string>"$(SRCROOT)/Vendor/iOS-StatefulNotifications/Vendor/Kiwi/build/Debug-iphonesimulator"</string>
					<string>"$(SRCROOT)/Vendor/Kiwi/build/Debug-iphoneos"</string>
					<string>"$(SRCROOT)/Vendor/Kiwi/build/Debug-iphonesimulator"</string>
				</array>
				<key>PRODUCT_NAME</key>
				<string>$(TARGET_NAME)</string>
				<key>TEST_HOST</key>
				<string>$(BUNDLE_LOADER)</string>
				<key>WRAPPER_EXTENSION</key>
				<string>octest</string>
			</dict>
			<key>isa</key>
			<string>XCBuildConfiguration</string>
			<key>name</key>
			<string>Release</string>
		</dict>
		<key>C56D0D6E15BC85F400358BA6</key>
		<dict>
			<key>fileEncoding</key>
			<string>4</string>
			<key>isa</key>
			<string>PBXFileReference</string>
			<key>lastKnownFileType</key>
			<string>sourcecode.c.h</string>
			<key>path</key>
			<string>SECrackRock.h</string>
			<key>sourceTree</key>
			<string>&lt;group&gt;</string>
		</dict>
		<key>C56D0D6F15BC85F400358BA6</key>
		<dict>
			<key>fileEncoding</key>
			<string>4</string>
			<key>isa</key>
			<string>PBXFileReference</string>
			<key>lastKnownFileType</key>
			<string>sourcecode.c.objc</string>
			<key>path</key>
			<string>SECrackRock.m</string>
			<key>sourceTree</key>
			<string>&lt;group&gt;</string>
		</dict>
		<key>C56D0D7015BC85F400358BA6</key>
		<dict>
			<key>fileEncoding</key>
			<string>4</string>
			<key>isa</key>
			<string>PBXFileReference</string>
			<key>lastKnownFileType</key>
			<string>sourcecode.c.h</string>
			<key>path</key>
			<string>SECrackRockProduct.h</string>
			<key>sourceTree</key>
			<string>&lt;group&gt;</string>
		</dict>
		<key>C56D0D7115BC85F400358BA6</key>
		<dict>
			<key>fileEncoding</key>
			<string>4</string>
			<key>isa</key>
			<string>PBXFileReference</string>
			<key>lastKnownFileType</key>
			<string>sourcecode.c.objc</string>
			<key>path</key>
			<string>SECrackRockProduct.m</string>
			<key>sourceTree</key>
			<string>&lt;group&gt;</string>
		</dict>
		<key>C56D0D7215BC85F400358BA6</key>
		<dict>
			<key>fileEncoding</key>
			<string>4</string>
			<key>isa</key>
			<string>PBXFileReference</string>
			<key>lastKnownFileType</key>
			<string>sourcecode.c.h</string>
			<key>path</key>
			<string>SECrackRockViewController.h</string>
			<key>sourceTree</key>
			<string>&lt;group&gt;</string>
		</dict>
		<key>C56D0D7315BC85F400358BA6</key>
		<dict>
			<key>fileEncoding</key>
			<string>4</string>
			<key>isa</key>
			<string>PBXFileReference</string>
			<key>lastKnownFileType</key>
			<string>sourcecode.c.objc</string>
			<key>path</key>
			<string>SECrackRockViewController.m</string>
			<key>sourceTree</key>
			<string>&lt;group&gt;</string>
		</dict>
		<key>C56D0D7415BC85F400358BA6</key>
		<dict>
			<key>fileEncoding</key>
			<string>4</string>
			<key>isa</key>
			<string>PBXFileReference</string>
			<key>lastKnownFileType</key>
			<string>sourcecode.c.h</string>
			<key>path</key>
			<string>UIImage+SECrackRock.h</string>
			<key>sourceTree</key>
			<string>&lt;group&gt;</string>
		</dict>
		<key>C56D0D7515BC85F400358BA6</key>
		<dict>
			<key>fileEncoding</key>
			<string>4</string>
			<key>isa</key>
			<string>PBXFileReference</string>
			<key>lastKnownFileType</key>
			<string>sourcecode.c.objc</string>
			<key>path</key>
			<string>UIImage+SECrackRock.m</string>
			<key>sourceTree</key>
			<string>&lt;group&gt;</string>
		</dict>
		<key>C56D0D7615BC85F400358BA6</key>
		<dict>
			<key>fileRef</key>
			<string>C56D0D6E15BC85F400358BA6</string>
			<key>isa</key>
			<string>PBXBuildFile</string>
			<key>settings</key>
			<dict>
				<key>ATTRIBUTES</key>
				<array>
					<string>Public</string>
				</array>
			</dict>
		</dict>
		<key>C56D0D7715BC85F500358BA6</key>
		<dict>
			<key>fileRef</key>
			<string>C56D0D6F15BC85F400358BA6</string>
			<key>isa</key>
			<string>PBXBuildFile</string>
		</dict>
		<key>C56D0D7815BC85F500358BA6</key>
		<dict>
			<key>fileRef</key>
			<string>C56D0D7015BC85F400358BA6</string>
			<key>isa</key>
			<string>PBXBuildFile</string>
			<key>settings</key>
			<dict>
				<key>ATTRIBUTES</key>
				<array>
					<string>Public</string>
				</array>
			</dict>
		</dict>
		<key>C56D0D7915BC85F500358BA6</key>
		<dict>
			<key>fileRef</key>
			<string>C56D0D7115BC85F400358BA6</string>
			<key>isa</key>
			<string>PBXBuildFile</string>
		</dict>
		<key>C56D0D7A15BC85F500358BA6</key>
		<dict>
			<key>fileRef</key>
			<string>C56D0D7215BC85F400358BA6</string>
			<key>isa</key>
			<string>PBXBuildFile</string>
			<key>settings</key>
			<dict>
				<key>ATTRIBUTES</key>
				<array>
					<string>Public</string>
				</array>
			</dict>
		</dict>
		<key>C56D0D7B15BC85F500358BA6</key>
		<dict>
			<key>fileRef</key>
			<string>C56D0D7315BC85F400358BA6</string>
			<key>isa</key>
			<string>PBXBuildFile</string>
		</dict>
		<key>C56D0D7C15BC85F500358BA6</key>
		<dict>
			<key>fileRef</key>
			<string>C56D0D7415BC85F400358BA6</string>
			<key>isa</key>
			<string>PBXBuildFile</string>
		</dict>
		<key>C56D0D7D15BC85F500358BA6</key>
		<dict>
			<key>fileRef</key>
			<string>C56D0D7515BC85F400358BA6</string>
			<key>isa</key>
			<string>PBXBuildFile</string>
		</dict>
		<key>C56D0D9115BC866400358BA6</key>
		<dict>
			<key>fileEncoding</key>
			<string>4</string>
			<key>isa</key>
			<string>PBXFileReference</string>
			<key>lastKnownFileType</key>
			<string>sourcecode.c.objc</string>
			<key>path</key>
			<string>SECrackRockSpec.m</string>
			<key>sourceTree</key>
			<string>&lt;group&gt;</string>
		</dict>
		<key>C591517F15BCDBA10062C02E</key>
		<dict>
			<key>isa</key>
			<string>PBXFileReference</string>
			<key>lastKnownFileType</key>
			<string>archive.ar</string>
			<key>name</key>
			<string>libKiwi.a</string>
			<key>path</key>
			<string>Vendor/Kiwi/build/Release-iphoneos/libKiwi.a</string>
			<key>sourceTree</key>
			<string>&lt;group&gt;</string>
		</dict>
		<key>C591518015BCDBA10062C02E</key>
		<dict>
			<key>fileRef</key>
			<string>C591517F15BCDBA10062C02E</string>
			<key>isa</key>
			<string>PBXBuildFile</string>
		</dict>
		<key>F6376896C9CD4AE2A434784E</key>
		<dict>
			<key>explicitFileType</key>
			<string>archive.ar</string>
			<key>includeInIndex</key>
			<string>0</string>
			<key>isa</key>
			<string>PBXFileReference</string>
			<key>name</key>
			<string>libPods.a</string>
			<key>path</key>
			<string>libPods.a</string>
			<key>sourceTree</key>
			<string>BUILT_PRODUCTS_DIR</string>
		</dict>
	</dict>
	<key>rootObject</key>
	<string>C56D0D3B15BC7D8900358BA6</string>
</dict>
</plist>
