// !$*UTF8*$!
{
	archiveVersion = 1;
	classes = {
	};
	objectVersion = 46;
	objects = {

/* Begin PBXBuildFile section */
		3D4D196EAB1548528CA00265 /* libPods.a in Frameworks */ = {isa = PBXBuildFile; fileRef = F6376896C9CD4AE2A434784E /* libPods.a */; };
		C5133BFC15BD8E060026E5ED /* SECrackRockCommon.h in Headers */ = {isa = PBXBuildFile; fileRef = C5133BFB15BD8E060026E5ED /* SECrackRockCommon.h */; settings = {ATTRIBUTES = (Public, ); }; };
		C5133BFE15BD9C710026E5ED /* StoreKit.framework in Frameworks */ = {isa = PBXBuildFile; fileRef = C5133BFD15BD9C710026E5ED /* StoreKit.framework */; };
		C5133C3A15BDC7550026E5ED /* SECrackRockSpec.m in Sources */ = {isa = PBXBuildFile; fileRef = C56D0D9115BC866400358BA6 /* SECrackRockSpec.m */; };
		C5133C3B15BDD19A0026E5ED /* StoreKit.framework in Frameworks */ = {isa = PBXBuildFile; fileRef = C5133BFD15BD9C710026E5ED /* StoreKit.framework */; };
		C5133C3E15BDD1C20026E5ED /* UIKit.framework in Frameworks */ = {isa = PBXBuildFile; fileRef = C5133C3D15BDD1C20026E5ED /* UIKit.framework */; };
		C5133C4015BDD2750026E5ED /* CoreGraphics.framework in Frameworks */ = {isa = PBXBuildFile; fileRef = C5133C3F15BDD2750026E5ED /* CoreGraphics.framework */; };
		C5133C4215BDD2D30026E5ED /* QuartzCore.framework in Frameworks */ = {isa = PBXBuildFile; fileRef = C5133C4115BDD2D30026E5ED /* QuartzCore.framework */; };
		C56BC0DB16DFA8F60040EB8F /* SECrackRockCommon-Private.h in Headers */ = {isa = PBXBuildFile; fileRef = C56BC0D916DFA8F50040EB8F /* SECrackRockCommon-Private.h */; };
		C56BC0DC16DFA8F60040EB8F /* SECrackRockProduct-Private.h in Headers */ = {isa = PBXBuildFile; fileRef = C56BC0DA16DFA8F50040EB8F /* SECrackRockProduct-Private.h */; };
		C56D0D4815BC7D8900358BA6 /* Foundation.framework in Frameworks */ = {isa = PBXBuildFile; fileRef = C56D0D4715BC7D8900358BA6 /* Foundation.framework */; };
		C56D0D5615BC7D8900358BA6 /* SenTestingKit.framework in Frameworks */ = {isa = PBXBuildFile; fileRef = C56D0D5515BC7D8900358BA6 /* SenTestingKit.framework */; };
		C56D0D5915BC7D8900358BA6 /* Foundation.framework in Frameworks */ = {isa = PBXBuildFile; fileRef = C56D0D4715BC7D8900358BA6 /* Foundation.framework */; };
		C56D0D5C15BC7D8900358BA6 /* libiOS-CrackRock.a in Frameworks */ = {isa = PBXBuildFile; fileRef = C56D0D4415BC7D8900358BA6 /* libiOS-CrackRock.a */; };
		C56D0D6215BC7D8900358BA6 /* InfoPlist.strings in Resources */ = {isa = PBXBuildFile; fileRef = C56D0D6015BC7D8900358BA6 /* InfoPlist.strings */; };
		C56D0D7615BC85F400358BA6 /* SECrackRock.h in Headers */ = {isa = PBXBuildFile; fileRef = C56D0D6E15BC85F400358BA6 /* SECrackRock.h */; settings = {ATTRIBUTES = (Public, ); }; };
		C56D0D7715BC85F500358BA6 /* SECrackRock.m in Sources */ = {isa = PBXBuildFile; fileRef = C56D0D6F15BC85F400358BA6 /* SECrackRock.m */; };
		C56D0D7815BC85F500358BA6 /* SECrackRockProduct.h in Headers */ = {isa = PBXBuildFile; fileRef = C56D0D7015BC85F400358BA6 /* SECrackRockProduct.h */; settings = {ATTRIBUTES = (Public, ); }; };
		C56D0D7915BC85F500358BA6 /* SECrackRockProduct.m in Sources */ = {isa = PBXBuildFile; fileRef = C56D0D7115BC85F400358BA6 /* SECrackRockProduct.m */; };
		C56D0D7A15BC85F500358BA6 /* SECrackRockStoreController.h in Headers */ = {isa = PBXBuildFile; fileRef = C56D0D7215BC85F400358BA6 /* SECrackRockStoreController.h */; settings = {ATTRIBUTES = (Public, ); }; };
		C56D0D7B15BC85F500358BA6 /* SECrackRockStoreController.m in Sources */ = {isa = PBXBuildFile; fileRef = C56D0D7315BC85F400358BA6 /* SECrackRockStoreController.m */; };
		C56D0D7C15BC85F500358BA6 /* UIImage+SECrackRock.h in Headers */ = {isa = PBXBuildFile; fileRef = C56D0D7415BC85F400358BA6 /* UIImage+SECrackRock.h */; };
		C56D0D7D15BC85F500358BA6 /* UIImage+SECrackRock.m in Sources */ = {isa = PBXBuildFile; fileRef = C56D0D7515BC85F400358BA6 /* UIImage+SECrackRock.m */; };
		C578E37316D95FF40037C46F /* SECrackRockProductsRequest.h in Headers */ = {isa = PBXBuildFile; fileRef = C578E37116D95FF40037C46F /* SECrackRockProductsRequest.h */; };
		C578E37416D95FF40037C46F /* SECrackRockProductsRequest.m in Sources */ = {isa = PBXBuildFile; fileRef = C578E37216D95FF40037C46F /* SECrackRockProductsRequest.m */; };
		C57BC1E916DDEC2F00B690E0 /* SECrackRockProductSpec.m in Sources */ = {isa = PBXBuildFile; fileRef = C57BC1E816DDEC2F00B690E0 /* SECrackRockProductSpec.m */; };
		C5D5CF9D16DEF4BF00A806DB /* libTropicalKiwi.a in Frameworks */ = {isa = PBXBuildFile; fileRef = C5D5CF9C16DEF4BF00A806DB /* libTropicalKiwi.a */; };
		EBB2327AB7004ED8ADB5C328 /* libPods-iOS-CrackRockTests.a in Frameworks */ = {isa = PBXBuildFile; fileRef = 0E1113EF1E8541D98E5CD56D /* libPods-iOS-CrackRockTests.a */; };
/* End PBXBuildFile section */

/* Begin PBXContainerItemProxy section */
		C56D0D5A15BC7D8900358BA6 /* PBXContainerItemProxy */ = {
			isa = PBXContainerItemProxy;
			containerPortal = C56D0D3B15BC7D8900358BA6 /* Project object */;
			proxyType = 1;
			remoteGlobalIDString = C56D0D4315BC7D8900358BA6;
			remoteInfo = "iOS-CrackRock";
		};
/* End PBXContainerItemProxy section */

/* Begin PBXFileReference section */
		0E1113EF1E8541D98E5CD56D /* libPods-iOS-CrackRockTests.a */ = {isa = PBXFileReference; explicitFileType = archive.ar; includeInIndex = 0; path = "libPods-iOS-CrackRockTests.a"; sourceTree = BUILT_PRODUCTS_DIR; };
		757363DDA0F945AABF16C6F6 /* Pods-iOS-CrackRockTests.xcconfig */ = {isa = PBXFileReference; includeInIndex = 1; lastKnownFileType = text.xcconfig; name = "Pods-iOS-CrackRockTests.xcconfig"; path = "Pods/Pods-iOS-CrackRockTests.xcconfig"; sourceTree = SOURCE_ROOT; };
		C02AC70241664ED59A2C8A23 /* Pods.xcconfig */ = {isa = PBXFileReference; includeInIndex = 1; lastKnownFileType = text.xcconfig; name = Pods.xcconfig; path = Pods/Pods.xcconfig; sourceTree = SOURCE_ROOT; };
		C5133BFB15BD8E060026E5ED /* SECrackRockCommon.h */ = {isa = PBXFileReference; fileEncoding = 4; lastKnownFileType = sourcecode.c.h; path = SECrackRockCommon.h; sourceTree = "<group>"; };
		C5133BFD15BD9C710026E5ED /* StoreKit.framework */ = {isa = PBXFileReference; includeInIndex = 1; lastKnownFileType = wrapper.framework; name = StoreKit.framework; path = System/Library/Frameworks/StoreKit.framework; sourceTree = SDKROOT; };
		C5133C3D15BDD1C20026E5ED /* UIKit.framework */ = {isa = PBXFileReference; lastKnownFileType = wrapper.framework; name = UIKit.framework; path = System/Library/Frameworks/UIKit.framework; sourceTree = SDKROOT; };
		C5133C3F15BDD2750026E5ED /* CoreGraphics.framework */ = {isa = PBXFileReference; lastKnownFileType = wrapper.framework; name = CoreGraphics.framework; path = System/Library/Frameworks/CoreGraphics.framework; sourceTree = SDKROOT; };
		C5133C4115BDD2D30026E5ED /* QuartzCore.framework */ = {isa = PBXFileReference; lastKnownFileType = wrapper.framework; name = QuartzCore.framework; path = System/Library/Frameworks/QuartzCore.framework; sourceTree = SDKROOT; };
		C56BC0D916DFA8F50040EB8F /* SECrackRockCommon-Private.h */ = {isa = PBXFileReference; fileEncoding = 4; lastKnownFileType = sourcecode.c.h; path = "SECrackRockCommon-Private.h"; sourceTree = "<group>"; };
		C56BC0DA16DFA8F50040EB8F /* SECrackRockProduct-Private.h */ = {isa = PBXFileReference; fileEncoding = 4; lastKnownFileType = sourcecode.c.h; path = "SECrackRockProduct-Private.h"; sourceTree = "<group>"; };
		C56D0D4415BC7D8900358BA6 /* libiOS-CrackRock.a */ = {isa = PBXFileReference; explicitFileType = archive.ar; includeInIndex = 0; path = "libiOS-CrackRock.a"; sourceTree = BUILT_PRODUCTS_DIR; };
		C56D0D4715BC7D8900358BA6 /* Foundation.framework */ = {isa = PBXFileReference; includeInIndex = 1; lastKnownFileType = wrapper.framework; name = Foundation.framework; path = System/Library/Frameworks/Foundation.framework; sourceTree = SDKROOT; };
		C56D0D4B15BC7D8900358BA6 /* iOS-CrackRock-Prefix.pch */ = {isa = PBXFileReference; lastKnownFileType = sourcecode.c.h; path = "iOS-CrackRock-Prefix.pch"; sourceTree = "<group>"; };
		C56D0D5415BC7D8900358BA6 /* iOS-CrackRockTests.octest */ = {isa = PBXFileReference; explicitFileType = wrapper.cfbundle; includeInIndex = 0; path = "iOS-CrackRockTests.octest"; sourceTree = BUILT_PRODUCTS_DIR; };
		C56D0D5515BC7D8900358BA6 /* SenTestingKit.framework */ = {isa = PBXFileReference; lastKnownFileType = wrapper.framework; name = SenTestingKit.framework; path = Library/Frameworks/SenTestingKit.framework; sourceTree = DEVELOPER_DIR; };
		C56D0D5F15BC7D8900358BA6 /* iOS-CrackRockTests-Info.plist */ = {isa = PBXFileReference; lastKnownFileType = text.plist.xml; path = "iOS-CrackRockTests-Info.plist"; sourceTree = "<group>"; };
		C56D0D6115BC7D8900358BA6 /* en */ = {isa = PBXFileReference; lastKnownFileType = text.plist.strings; name = en; path = en.lproj/InfoPlist.strings; sourceTree = "<group>"; };
		C56D0D6E15BC85F400358BA6 /* SECrackRock.h */ = {isa = PBXFileReference; fileEncoding = 4; lastKnownFileType = sourcecode.c.h; path = SECrackRock.h; sourceTree = "<group>"; };
		C56D0D6F15BC85F400358BA6 /* SECrackRock.m */ = {isa = PBXFileReference; fileEncoding = 4; lastKnownFileType = sourcecode.c.objc; path = SECrackRock.m; sourceTree = "<group>"; };
		C56D0D7015BC85F400358BA6 /* SECrackRockProduct.h */ = {isa = PBXFileReference; fileEncoding = 4; lastKnownFileType = sourcecode.c.h; path = SECrackRockProduct.h; sourceTree = "<group>"; };
		C56D0D7115BC85F400358BA6 /* SECrackRockProduct.m */ = {isa = PBXFileReference; fileEncoding = 4; lastKnownFileType = sourcecode.c.objc; path = SECrackRockProduct.m; sourceTree = "<group>"; };
		C56D0D7215BC85F400358BA6 /* SECrackRockStoreController.h */ = {isa = PBXFileReference; fileEncoding = 4; lastKnownFileType = sourcecode.c.h; path = SECrackRockStoreController.h; sourceTree = "<group>"; };
		C56D0D7315BC85F400358BA6 /* SECrackRockStoreController.m */ = {isa = PBXFileReference; fileEncoding = 4; lastKnownFileType = sourcecode.c.objc; path = SECrackRockStoreController.m; sourceTree = "<group>"; };
		C56D0D7415BC85F400358BA6 /* UIImage+SECrackRock.h */ = {isa = PBXFileReference; fileEncoding = 4; lastKnownFileType = sourcecode.c.h; path = "UIImage+SECrackRock.h"; sourceTree = "<group>"; };
		C56D0D7515BC85F400358BA6 /* UIImage+SECrackRock.m */ = {isa = PBXFileReference; fileEncoding = 4; lastKnownFileType = sourcecode.c.objc; path = "UIImage+SECrackRock.m"; sourceTree = "<group>"; };
		C56D0D9115BC866400358BA6 /* SECrackRockSpec.m */ = {isa = PBXFileReference; fileEncoding = 4; lastKnownFileType = sourcecode.c.objc; path = SECrackRockSpec.m; sourceTree = "<group>"; };
		C578E37116D95FF40037C46F /* SECrackRockProductsRequest.h */ = {isa = PBXFileReference; fileEncoding = 4; lastKnownFileType = sourcecode.c.h; path = SECrackRockProductsRequest.h; sourceTree = "<group>"; };
		C578E37216D95FF40037C46F /* SECrackRockProductsRequest.m */ = {isa = PBXFileReference; fileEncoding = 4; lastKnownFileType = sourcecode.c.objc; path = SECrackRockProductsRequest.m; sourceTree = "<group>"; };
		C57BC1E816DDEC2F00B690E0 /* SECrackRockProductSpec.m */ = {isa = PBXFileReference; fileEncoding = 4; lastKnownFileType = sourcecode.c.objc; path = SECrackRockProductSpec.m; sourceTree = "<group>"; };
		C591517F15BCDBA10062C02E /* libKiwi.a */ = {isa = PBXFileReference; lastKnownFileType = archive.ar; name = libKiwi.a; path = "Vendor/Kiwi/build/Release-iphoneos/libKiwi.a"; sourceTree = "<group>"; };
		C5D5CF9C16DEF4BF00A806DB /* libTropicalKiwi.a */ = {isa = PBXFileReference; lastKnownFileType = archive.ar; name = libTropicalKiwi.a; path = "../../../Library/Developer/Xcode/DerivedData/TropicalKiwi-amtdwfayakbohdckaguvwbxnajzr/Build/Products/Debug-iphoneos/libTropicalKiwi.a"; sourceTree = "<group>"; };
		F6376896C9CD4AE2A434784E /* libPods.a */ = {isa = PBXFileReference; explicitFileType = archive.ar; includeInIndex = 0; path = libPods.a; sourceTree = BUILT_PRODUCTS_DIR; };
/* End PBXFileReference section */

/* Begin PBXFrameworksBuildPhase section */
		C56D0D4115BC7D8900358BA6 /* Frameworks */ = {
			isa = PBXFrameworksBuildPhase;
			buildActionMask = 2147483647;
			files = (
				C5133BFE15BD9C710026E5ED /* StoreKit.framework in Frameworks */,
				C5D5CF9D16DEF4BF00A806DB /* libTropicalKiwi.a in Frameworks */,
				C56D0D4815BC7D8900358BA6 /* Foundation.framework in Frameworks */,
				3D4D196EAB1548528CA00265 /* libPods.a in Frameworks */,
			);
			runOnlyForDeploymentPostprocessing = 0;
		};
		C56D0D5015BC7D8900358BA6 /* Frameworks */ = {
			isa = PBXFrameworksBuildPhase;
			buildActionMask = 2147483647;
			files = (
				C5133C4215BDD2D30026E5ED /* QuartzCore.framework in Frameworks */,
				C5133C4015BDD2750026E5ED /* CoreGraphics.framework in Frameworks */,
				C5133C3E15BDD1C20026E5ED /* UIKit.framework in Frameworks */,
				C5133C3B15BDD19A0026E5ED /* StoreKit.framework in Frameworks */,
				C56D0D5915BC7D8900358BA6 /* Foundation.framework in Frameworks */,
				C56D0D5615BC7D8900358BA6 /* SenTestingKit.framework in Frameworks */,
				C56D0D5C15BC7D8900358BA6 /* libiOS-CrackRock.a in Frameworks */,
				EBB2327AB7004ED8ADB5C328 /* libPods-iOS-CrackRockTests.a in Frameworks */,
			);
			runOnlyForDeploymentPostprocessing = 0;
		};
/* End PBXFrameworksBuildPhase section */

/* Begin PBXGroup section */
		C56D0D3915BC7D8900358BA6 = {
			isa = PBXGroup;
			children = (
				C5D5CF9C16DEF4BF00A806DB /* libTropicalKiwi.a */,
				C56D0D4915BC7D8900358BA6 /* iOS-CrackRock */,
				C56D0D5D15BC7D8900358BA6 /* iOS-CrackRockTests */,
				C56D0D4615BC7D8900358BA6 /* Frameworks */,
				C56D0D4515BC7D8900358BA6 /* Products */,
				C02AC70241664ED59A2C8A23 /* Pods.xcconfig */,
				757363DDA0F945AABF16C6F6 /* Pods-iOS-CrackRockTests.xcconfig */,
			);
			sourceTree = "<group>";
		};
		C56D0D4515BC7D8900358BA6 /* Products */ = {
			isa = PBXGroup;
			children = (
				C56D0D4415BC7D8900358BA6 /* libiOS-CrackRock.a */,
				C56D0D5415BC7D8900358BA6 /* iOS-CrackRockTests.octest */,
			);
			name = Products;
			sourceTree = "<group>";
		};
		C56D0D4615BC7D8900358BA6 /* Frameworks */ = {
			isa = PBXGroup;
			children = (
				C5133C4115BDD2D30026E5ED /* QuartzCore.framework */,
				C5133C3F15BDD2750026E5ED /* CoreGraphics.framework */,
				C5133C3D15BDD1C20026E5ED /* UIKit.framework */,
				C5133BFD15BD9C710026E5ED /* StoreKit.framework */,
				C56D0D4715BC7D8900358BA6 /* Foundation.framework */,
				C56D0D5515BC7D8900358BA6 /* SenTestingKit.framework */,
				C591517F15BCDBA10062C02E /* libKiwi.a */,
				F6376896C9CD4AE2A434784E /* libPods.a */,
				0E1113EF1E8541D98E5CD56D /* libPods-iOS-CrackRockTests.a */,
			);
			name = Frameworks;
			sourceTree = "<group>";
		};
		C56D0D4915BC7D8900358BA6 /* iOS-CrackRock */ = {
			isa = PBXGroup;
			children = (
				C578E37116D95FF40037C46F /* SECrackRockProductsRequest.h */,
				C578E37216D95FF40037C46F /* SECrackRockProductsRequest.m */,
				C5133BFB15BD8E060026E5ED /* SECrackRockCommon.h */,
				C56D0D6E15BC85F400358BA6 /* SECrackRock.h */,
				C56D0D6F15BC85F400358BA6 /* SECrackRock.m */,
				C56BC0D916DFA8F50040EB8F /* SECrackRockCommon-Private.h */,
				C56BC0DA16DFA8F50040EB8F /* SECrackRockProduct-Private.h */,
				C56D0D7015BC85F400358BA6 /* SECrackRockProduct.h */,
				C56D0D7115BC85F400358BA6 /* SECrackRockProduct.m */,
				C56D0D7215BC85F400358BA6 /* SECrackRockStoreController.h */,
				C56D0D7315BC85F400358BA6 /* SECrackRockStoreController.m */,
				C56D0D7415BC85F400358BA6 /* UIImage+SECrackRock.h */,
				C56D0D7515BC85F400358BA6 /* UIImage+SECrackRock.m */,
				C56D0D4A15BC7D8900358BA6 /* Supporting Files */,
			);
			path = "iOS-CrackRock";
			sourceTree = "<group>";
		};
		C56D0D4A15BC7D8900358BA6 /* Supporting Files */ = {
			isa = PBXGroup;
			children = (
				C56D0D4B15BC7D8900358BA6 /* iOS-CrackRock-Prefix.pch */,
			);
			name = "Supporting Files";
			sourceTree = "<group>";
		};
		C56D0D5D15BC7D8900358BA6 /* iOS-CrackRockTests */ = {
			isa = PBXGroup;
			children = (
				C57BC1E816DDEC2F00B690E0 /* SECrackRockProductSpec.m */,
				C56D0D5E15BC7D8900358BA6 /* Supporting Files */,
				C56D0D9115BC866400358BA6 /* SECrackRockSpec.m */,
			);
			path = "iOS-CrackRockTests";
			sourceTree = "<group>";
		};
		C56D0D5E15BC7D8900358BA6 /* Supporting Files */ = {
			isa = PBXGroup;
			children = (
				C56D0D5F15BC7D8900358BA6 /* iOS-CrackRockTests-Info.plist */,
				C56D0D6015BC7D8900358BA6 /* InfoPlist.strings */,
			);
			name = "Supporting Files";
			sourceTree = "<group>";
		};
/* End PBXGroup section */

/* Begin PBXHeadersBuildPhase section */
		C56D0D4215BC7D8900358BA6 /* Headers */ = {
			isa = PBXHeadersBuildPhase;
			buildActionMask = 2147483647;
			files = (
				C56D0D7615BC85F400358BA6 /* SECrackRock.h in Headers */,
				C56D0D7815BC85F500358BA6 /* SECrackRockProduct.h in Headers */,
				C56D0D7A15BC85F500358BA6 /* SECrackRockStoreController.h in Headers */,
				C5133BFC15BD8E060026E5ED /* SECrackRockCommon.h in Headers */,
				C56D0D7C15BC85F500358BA6 /* UIImage+SECrackRock.h in Headers */,
				C578E37316D95FF40037C46F /* SECrackRockProductsRequest.h in Headers */,
				C56BC0DB16DFA8F60040EB8F /* SECrackRockCommon-Private.h in Headers */,
				C56BC0DC16DFA8F60040EB8F /* SECrackRockProduct-Private.h in Headers */,
			);
			runOnlyForDeploymentPostprocessing = 0;
		};
/* End PBXHeadersBuildPhase section */

/* Begin PBXNativeTarget section */
		C56D0D4315BC7D8900358BA6 /* iOS-CrackRock */ = {
			isa = PBXNativeTarget;
			buildConfigurationList = C56D0D6815BC7D8900358BA6 /* Build configuration list for PBXNativeTarget "iOS-CrackRock" */;
			buildPhases = (
				C56D0D4015BC7D8900358BA6 /* Sources */,
				C56D0D4115BC7D8900358BA6 /* Frameworks */,
				C56D0D4215BC7D8900358BA6 /* Headers */,
				8989D58C91584257A5F9AE72 /* Copy Pods Resources */,
			);
			buildRules = (
			);
			dependencies = (
			);
			name = "iOS-CrackRock";
			productName = "iOS-CrackRock";
			productReference = C56D0D4415BC7D8900358BA6 /* libiOS-CrackRock.a */;
			productType = "com.apple.product-type.library.static";
		};
		C56D0D5315BC7D8900358BA6 /* iOS-CrackRockTests */ = {
			isa = PBXNativeTarget;
			buildConfigurationList = C56D0D6B15BC7D8900358BA6 /* Build configuration list for PBXNativeTarget "iOS-CrackRockTests" */;
			buildPhases = (
				C56D0D4F15BC7D8900358BA6 /* Sources */,
				C56D0D5015BC7D8900358BA6 /* Frameworks */,
				C56D0D5115BC7D8900358BA6 /* Resources */,
				C56D0D5215BC7D8900358BA6 /* ShellScript */,
				E762F40C399E4BE98AD71BD7 /* Copy Pods Resources */,
			);
			buildRules = (
			);
			dependencies = (
				C56D0D5B15BC7D8900358BA6 /* PBXTargetDependency */,
			);
			name = "iOS-CrackRockTests";
			productName = "iOS-CrackRockTests";
			productReference = C56D0D5415BC7D8900358BA6 /* iOS-CrackRockTests.octest */;
			productType = "com.apple.product-type.bundle";
		};
/* End PBXNativeTarget section */

/* Begin PBXProject section */
		C56D0D3B15BC7D8900358BA6 /* Project object */ = {
			isa = PBXProject;
			attributes = {
				LastUpgradeCheck = 0430;
				ORGANIZATIONNAME = illumntr;
			};
			buildConfigurationList = C56D0D3E15BC7D8900358BA6 /* Build configuration list for PBXProject "iOS-CrackRock" */;
			compatibilityVersion = "Xcode 3.2";
			developmentRegion = English;
			hasScannedForEncodings = 0;
			knownRegions = (
				en,
			);
			mainGroup = C56D0D3915BC7D8900358BA6;
			productRefGroup = C56D0D4515BC7D8900358BA6 /* Products */;
			projectDirPath = "";
			projectRoot = "";
			targets = (
				C56D0D4315BC7D8900358BA6 /* iOS-CrackRock */,
				C56D0D5315BC7D8900358BA6 /* iOS-CrackRockTests */,
			);
		};
/* End PBXProject section */

/* Begin PBXResourcesBuildPhase section */
		C56D0D5115BC7D8900358BA6 /* Resources */ = {
			isa = PBXResourcesBuildPhase;
			buildActionMask = 2147483647;
			files = (
				C56D0D6215BC7D8900358BA6 /* InfoPlist.strings in Resources */,
			);
			runOnlyForDeploymentPostprocessing = 0;
		};
/* End PBXResourcesBuildPhase section */

/* Begin PBXShellScriptBuildPhase section */
		8989D58C91584257A5F9AE72 /* Copy Pods Resources */ = {
			isa = PBXShellScriptBuildPhase;
			buildActionMask = 2147483647;
			files = (
			);
			inputPaths = (
			);
			name = "Copy Pods Resources";
			outputPaths = (
			);
			runOnlyForDeploymentPostprocessing = 0;
			shellPath = /bin/sh;
			shellScript = "\"${SRCROOT}/Pods/Pods-resources.sh\"\n";
		};
		C56D0D5215BC7D8900358BA6 /* ShellScript */ = {
			isa = PBXShellScriptBuildPhase;
			buildActionMask = 2147483647;
			files = (
			);
			inputPaths = (
			);
			outputPaths = (
			);
			runOnlyForDeploymentPostprocessing = 0;
			shellPath = /bin/sh;
			shellScript = "# Run the unit tests in this test bundle.\n\"${SYSTEM_DEVELOPER_DIR}/Tools/RunUnitTests\"\n";
		};
		E762F40C399E4BE98AD71BD7 /* Copy Pods Resources */ = {
			isa = PBXShellScriptBuildPhase;
			buildActionMask = 2147483647;
			files = (
			);
			inputPaths = (
			);
			name = "Copy Pods Resources";
			outputPaths = (
			);
			runOnlyForDeploymentPostprocessing = 0;
			shellPath = /bin/sh;
			shellScript = "\"${SRCROOT}/Pods/Pods-iOS-CrackRockTests-resources.sh\"\n";
		};
/* End PBXShellScriptBuildPhase section */

/* Begin PBXSourcesBuildPhase section */
		C56D0D4015BC7D8900358BA6 /* Sources */ = {
			isa = PBXSourcesBuildPhase;
			buildActionMask = 2147483647;
			files = (
				C56D0D7715BC85F500358BA6 /* SECrackRock.m in Sources */,
				C56D0D7915BC85F500358BA6 /* SECrackRockProduct.m in Sources */,
				C56D0D7B15BC85F500358BA6 /* SECrackRockStoreController.m in Sources */,
				C56D0D7D15BC85F500358BA6 /* UIImage+SECrackRock.m in Sources */,
				C578E37416D95FF40037C46F /* SECrackRockProductsRequest.m in Sources */,
			);
			runOnlyForDeploymentPostprocessing = 0;
		};
		C56D0D4F15BC7D8900358BA6 /* Sources */ = {
			isa = PBXSourcesBuildPhase;
			buildActionMask = 2147483647;
			files = (
				C5133C3A15BDC7550026E5ED /* SECrackRockSpec.m in Sources */,
				C57BC1E916DDEC2F00B690E0 /* SECrackRockProductSpec.m in Sources */,
			);
			runOnlyForDeploymentPostprocessing = 0;
		};
/* End PBXSourcesBuildPhase section */

/* Begin PBXTargetDependency section */
		C56D0D5B15BC7D8900358BA6 /* PBXTargetDependency */ = {
			isa = PBXTargetDependency;
			target = C56D0D4315BC7D8900358BA6 /* iOS-CrackRock */;
			targetProxy = C56D0D5A15BC7D8900358BA6 /* PBXContainerItemProxy */;
		};
/* End PBXTargetDependency section */

/* Begin PBXVariantGroup section */
		C56D0D6015BC7D8900358BA6 /* InfoPlist.strings */ = {
			isa = PBXVariantGroup;
			children = (
				C56D0D6115BC7D8900358BA6 /* en */,
			);
			name = InfoPlist.strings;
			sourceTree = "<group>";
		};
/* End PBXVariantGroup section */

/* Begin XCBuildConfiguration section */
		C56D0D6615BC7D8900358BA6 /* Debug */ = {
			isa = XCBuildConfiguration;
			buildSettings = {
				ALWAYS_SEARCH_USER_PATHS = NO;
				ARCHS = "$(ARCHS_STANDARD_32_BIT)";
				CLANG_ENABLE_OBJC_ARC = YES;
				COPY_PHASE_STRIP = NO;
				GCC_C_LANGUAGE_STANDARD = gnu99;
				GCC_DYNAMIC_NO_PIC = NO;
				GCC_OPTIMIZATION_LEVEL = 0;
				GCC_PREPROCESSOR_DEFINITIONS = (
					"DEBUG=1",
					"$(inherited)",
				);
				GCC_SYMBOLS_PRIVATE_EXTERN = NO;
				GCC_VERSION = "";
				GCC_WARN_ABOUT_RETURN_TYPE = YES;
				GCC_WARN_UNINITIALIZED_AUTOS = YES;
				GCC_WARN_UNUSED_VARIABLE = YES;
				HEADER_SEARCH_PATHS = (
					"\"$(OBJROOT)/UninstalledProducts/include\"",
					"\"$(TARGET_BUILD_DIR)/usr/local/lib/include\"",
				);
				IPHONEOS_DEPLOYMENT_TARGET = 5.1;
				OTHER_LDFLAGS = (
					"-all_load",
					"-ObjC",
				);
				PUBLIC_HEADERS_FOLDER_PATH = "include/$(TARGET_NAME)";
				SDKROOT = iphoneos;
				TARGETED_DEVICE_FAMILY = "1,2";
			};
			name = Debug;
		};
		C56D0D6715BC7D8900358BA6 /* Release */ = {
			isa = XCBuildConfiguration;
			buildSettings = {
				ALWAYS_SEARCH_USER_PATHS = NO;
				ARCHS = "$(ARCHS_STANDARD_32_BIT)";
				CLANG_ENABLE_OBJC_ARC = YES;
				COPY_PHASE_STRIP = YES;
				GCC_C_LANGUAGE_STANDARD = gnu99;
				GCC_VERSION = "";
				GCC_WARN_ABOUT_RETURN_TYPE = YES;
				GCC_WARN_UNINITIALIZED_AUTOS = YES;
				GCC_WARN_UNUSED_VARIABLE = YES;
				HEADER_SEARCH_PATHS = (
					"\"$(OBJROOT)/UninstalledProducts/include\"",
					"\"$(TARGET_BUILD_DIR)/usr/local/lib/include\"",
				);
				IPHONEOS_DEPLOYMENT_TARGET = 5.1;
				OTHER_LDFLAGS = (
					"-all_load",
					"-ObjC",
				);
				PUBLIC_HEADERS_FOLDER_PATH = "include/$(TARGET_NAME)";
				SDKROOT = iphoneos;
				TARGETED_DEVICE_FAMILY = "1,2";
				VALIDATE_PRODUCT = YES;
			};
			name = Release;
		};
		C56D0D6915BC7D8900358BA6 /* Debug */ = {
			isa = XCBuildConfiguration;
			baseConfigurationReference = C02AC70241664ED59A2C8A23 /* Pods.xcconfig */;
			buildSettings = {
				DSTROOT = /tmp/iOS_CrackRock.dst;
				GCC_PRECOMPILE_PREFIX_HEADER = YES;
				GCC_PREFIX_HEADER = "iOS-CrackRock/iOS-CrackRock-Prefix.pch";
				LIBRARY_SEARCH_PATHS = (
					"$(inherited)",
					"\"$(SRCROOT)/Vendor/iOS-StatefulNotifications/Build/Products/Debug-iphonesimulator\"",
					"\"$(SRCROOT)/Vendor/iOS-StatefulNotifications/Vendor/Kiwi/build/Debug-iphoneos\"",
					"\"$(SRCROOT)/Vendor/iOS-StatefulNotifications/Vendor/Kiwi/build/Debug-iphonesimulator\"",
					"\"$(SRCROOT)/Vendor/Kiwi/build/Debug-iphoneos\"",
					"\"$(SRCROOT)/Vendor/Kiwi/build/Debug-iphonesimulator\"",
					"\"$(SRCROOT)/../../../Library/Developer/Xcode/DerivedData/TropicalKiwi-amtdwfayakbohdckaguvwbxnajzr/Build/Products/Debug-iphoneos\"",
				);
				PRODUCT_NAME = "$(TARGET_NAME)";
				SKIP_INSTALL = YES;
			};
			name = Debug;
		};
		C56D0D6A15BC7D8900358BA6 /* Release */ = {
			isa = XCBuildConfiguration;
			baseConfigurationReference = C02AC70241664ED59A2C8A23 /* Pods.xcconfig */;
			buildSettings = {
				DSTROOT = /tmp/iOS_CrackRock.dst;
				GCC_PRECOMPILE_PREFIX_HEADER = YES;
				GCC_PREFIX_HEADER = "iOS-CrackRock/iOS-CrackRock-Prefix.pch";
				LIBRARY_SEARCH_PATHS = (
					"$(inherited)",
					"\"$(SRCROOT)/Vendor/iOS-StatefulNotifications/Build/Products/Debug-iphonesimulator\"",
					"\"$(SRCROOT)/Vendor/iOS-StatefulNotifications/Vendor/Kiwi/build/Debug-iphoneos\"",
					"\"$(SRCROOT)/Vendor/iOS-StatefulNotifications/Vendor/Kiwi/build/Debug-iphonesimulator\"",
					"\"$(SRCROOT)/Vendor/Kiwi/build/Debug-iphoneos\"",
					"\"$(SRCROOT)/Vendor/Kiwi/build/Debug-iphonesimulator\"",
					"\"$(SRCROOT)/../../../Library/Developer/Xcode/DerivedData/TropicalKiwi-amtdwfayakbohdckaguvwbxnajzr/Build/Products/Debug-iphoneos\"",
				);
				PRODUCT_NAME = "$(TARGET_NAME)";
				SKIP_INSTALL = YES;
			};
			name = Release;
		};
		C56D0D6C15BC7D8900358BA6 /* Debug */ = {
			isa = XCBuildConfiguration;
			baseConfigurationReference = 757363DDA0F945AABF16C6F6 /* Pods-iOS-CrackRockTests.xcconfig */;
			buildSettings = {
				BUNDLE_LOADER = "$(BUILT_PRODUCTS_DIR)/libiOS-CrackRock.a";
				FRAMEWORK_SEARCH_PATHS = (
					"$(SDKROOT)/Developer/Library/Frameworks",
					"$(DEVELOPER_LIBRARY_DIR)/Frameworks",
				);
				GCC_PRECOMPILE_PREFIX_HEADER = YES;
				GCC_PREFIX_HEADER = "iOS-CrackRock/iOS-CrackRock-Prefix.pch";
				HEADER_SEARCH_PATHS = "$(PODS_HEADERS_SEARCH_PATHS)";
				INFOPLIST_FILE = "iOS-CrackRockTests/iOS-CrackRockTests-Info.plist";
				LIBRARY_SEARCH_PATHS = (
					"$(inherited)",
					"\"$(SRCROOT)/Vendor/iOS-StatefulNotifications/Build/Products/Debug-iphonesimulator\"",
					"\"$(SRCROOT)/Vendor/iOS-StatefulNotifications/Vendor/Kiwi/build/Debug-iphoneos\"",
					"\"$(SRCROOT)/Vendor/iOS-StatefulNotifications/Vendor/Kiwi/build/Debug-iphonesimulator\"",
					"\"$(SRCROOT)/Vendor/Kiwi/build/Debug-iphoneos\"",
					"\"$(SRCROOT)/Vendor/Kiwi/build/Debug-iphonesimulator\"",
					"\"$(SRCROOT)/iOS-CrackRockTests\"",
				);
				PRODUCT_NAME = "$(TARGET_NAME)";
				TEST_HOST = "$(BUNDLE_LOADER)";
				WRAPPER_EXTENSION = octest;
			};
			name = Debug;
		};
		C56D0D6D15BC7D8900358BA6 /* Release */ = {
			isa = XCBuildConfiguration;
			baseConfigurationReference = 757363DDA0F945AABF16C6F6 /* Pods-iOS-CrackRockTests.xcconfig */;
			buildSettings = {
				BUNDLE_LOADER = "$(BUILT_PRODUCTS_DIR)/libiOS-CrackRock.a";
				FRAMEWORK_SEARCH_PATHS = (
					"$(SDKROOT)/Developer/Library/Frameworks",
					"$(DEVELOPER_LIBRARY_DIR)/Frameworks",
				);
				GCC_PRECOMPILE_PREFIX_HEADER = YES;
				GCC_PREFIX_HEADER = "iOS-CrackRock/iOS-CrackRock-Prefix.pch";
				HEADER_SEARCH_PATHS = "$(PODS_HEADERS_SEARCH_PATHS)";
				INFOPLIST_FILE = "iOS-CrackRockTests/iOS-CrackRockTests-Info.plist";
				LIBRARY_SEARCH_PATHS = (
					"$(inherited)",
					"\"$(SRCROOT)/Vendor/iOS-StatefulNotifications/Build/Products/Debug-iphonesimulator\"",
					"\"$(SRCROOT)/Vendor/iOS-StatefulNotifications/Vendor/Kiwi/build/Debug-iphoneos\"",
					"\"$(SRCROOT)/Vendor/iOS-StatefulNotifications/Vendor/Kiwi/build/Debug-iphonesimulator\"",
					"\"$(SRCROOT)/Vendor/Kiwi/build/Debug-iphoneos\"",
					"\"$(SRCROOT)/Vendor/Kiwi/build/Debug-iphonesimulator\"",
					"\"$(SRCROOT)/iOS-CrackRockTests\"",
				);
				PRODUCT_NAME = "$(TARGET_NAME)";
				TEST_HOST = "$(BUNDLE_LOADER)";
				WRAPPER_EXTENSION = octest;
			};
			name = Release;
		};
/* End XCBuildConfiguration section */

/* Begin XCConfigurationList section */
		C56D0D3E15BC7D8900358BA6 /* Build configuration list for PBXProject "iOS-CrackRock" */ = {
			isa = XCConfigurationList;
			buildConfigurations = (
				C56D0D6615BC7D8900358BA6 /* Debug */,
				C56D0D6715BC7D8900358BA6 /* Release */,
			);
			defaultConfigurationIsVisible = 0;
			defaultConfigurationName = Release;
		};
		C56D0D6815BC7D8900358BA6 /* Build configuration list for PBXNativeTarget "iOS-CrackRock" */ = {
			isa = XCConfigurationList;
			buildConfigurations = (
				C56D0D6915BC7D8900358BA6 /* Debug */,
				C56D0D6A15BC7D8900358BA6 /* Release */,
			);
			defaultConfigurationIsVisible = 0;
			defaultConfigurationName = Release;
		};
		C56D0D6B15BC7D8900358BA6 /* Build configuration list for PBXNativeTarget "iOS-CrackRockTests" */ = {
			isa = XCConfigurationList;
			buildConfigurations = (
				C56D0D6C15BC7D8900358BA6 /* Debug */,
				C56D0D6D15BC7D8900358BA6 /* Release */,
			);
			defaultConfigurationIsVisible = 0;
			defaultConfigurationName = Release;
		};
/* End XCConfigurationList section */
	};
	rootObject = C56D0D3B15BC7D8900358BA6 /* Project object */;
}
